// !$*UTF8*$!
{
	archiveVersion = 1;
	classes = {
	};
	objectVersion = 50;
	objects = {

/* Begin PBXBuildFile section */
		1873C0502740E063004D36BC /* AppDelegate.swift in Sources */ = {isa = PBXBuildFile; fileRef = 1873C04F2740E063004D36BC /* AppDelegate.swift */; };
		1873C0522740E063004D36BC /* SceneDelegate.swift in Sources */ = {isa = PBXBuildFile; fileRef = 1873C0512740E063004D36BC /* SceneDelegate.swift */; };
		1873C0542740E063004D36BC /* ViewController.swift in Sources */ = {isa = PBXBuildFile; fileRef = 1873C0532740E063004D36BC /* ViewController.swift */; };
		1873C0572740E063004D36BC /* Main.storyboard in Resources */ = {isa = PBXBuildFile; fileRef = 1873C0552740E063004D36BC /* Main.storyboard */; };
		1873C0592740E064004D36BC /* Assets.xcassets in Resources */ = {isa = PBXBuildFile; fileRef = 1873C0582740E064004D36BC /* Assets.xcassets */; };
		1873C05C2740E064004D36BC /* LaunchScreen.storyboard in Resources */ = {isa = PBXBuildFile; fileRef = 1873C05A2740E064004D36BC /* LaunchScreen.storyboard */; };
		1873C06C2740F358004D36BC /* Localizable.strings in Resources */ = {isa = PBXBuildFile; fileRef = 1873C06E2740F358004D36BC /* Localizable.strings */; };
		1873C0752740F491004D36BC /* String+Ext.swift in Sources */ = {isa = PBXBuildFile; fileRef = 1873C0742740F491004D36BC /* String+Ext.swift */; };
/* End PBXBuildFile section */

/* Begin PBXFileReference section */
		1873C04C2740E063004D36BC /* Prototype-Internationalization_Localization- “Nada-Llbalawi”..app */ = {isa = PBXFileReference; explicitFileType = wrapper.application; includeInIndex = 0; path = "Prototype-Internationalization_Localization- “Nada-Llbalawi”..app"; sourceTree = BUILT_PRODUCTS_DIR; };
		1873C04F2740E063004D36BC /* AppDelegate.swift */ = {isa = PBXFileReference; lastKnownFileType = sourcecode.swift; path = AppDelegate.swift; sourceTree = "<group>"; };
		1873C0512740E063004D36BC /* SceneDelegate.swift */ = {isa = PBXFileReference; lastKnownFileType = sourcecode.swift; path = SceneDelegate.swift; sourceTree = "<group>"; };
		1873C0532740E063004D36BC /* ViewController.swift */ = {isa = PBXFileReference; lastKnownFileType = sourcecode.swift; path = ViewController.swift; sourceTree = "<group>"; };
		1873C0562740E063004D36BC /* Base */ = {isa = PBXFileReference; lastKnownFileType = file.storyboard; name = Base; path = Base.lproj/Main.storyboard; sourceTree = "<group>"; };
		1873C0582740E064004D36BC /* Assets.xcassets */ = {isa = PBXFileReference; lastKnownFileType = folder.assetcatalog; path = Assets.xcassets; sourceTree = "<group>"; };
		1873C05B2740E064004D36BC /* Base */ = {isa = PBXFileReference; lastKnownFileType = file.storyboard; name = Base; path = Base.lproj/LaunchScreen.storyboard; sourceTree = "<group>"; };
		1873C05D2740E064004D36BC /* Info.plist */ = {isa = PBXFileReference; lastKnownFileType = text.plist.xml; path = Info.plist; sourceTree = "<group>"; };
		1873C0632740E2D0004D36BC /* es-419 */ = {isa = PBXFileReference; lastKnownFileType = text.plist.strings; name = "es-419"; path = "es-419.lproj/Main.strings"; sourceTree = "<group>"; };
		1873C0642740E374004D36BC /* ca */ = {isa = PBXFileReference; lastKnownFileType = text.plist.strings; name = ca; path = ca.lproj/Main.strings; sourceTree = "<group>"; };
		1873C0652740E38D004D36BC /* fr */ = {isa = PBXFileReference; lastKnownFileType = text.plist.strings; name = fr; path = fr.lproj/Main.strings; sourceTree = "<group>"; };
		1873C0702740F37D004D36BC /* es-419 */ = {isa = PBXFileReference; lastKnownFileType = text.plist.strings; name = "es-419"; path = "es-419.lproj/Localizable.strings"; sourceTree = "<group>"; };
		1873C0712740F3CF004D36BC /* fr */ = {isa = PBXFileReference; lastKnownFileType = text.plist.strings; name = fr; path = fr.lproj/Localizable.strings; sourceTree = "<group>"; };
		1873C0722740F3D7004D36BC /* ca */ = {isa = PBXFileReference; lastKnownFileType = text.plist.strings; name = ca; path = ca.lproj/Localizable.strings; sourceTree = "<group>"; };
		1873C0742740F491004D36BC /* String+Ext.swift */ = {isa = PBXFileReference; lastKnownFileType = sourcecode.swift; path = "String+Ext.swift"; sourceTree = "<group>"; };
		1873C0762740FAA9004D36BC /* ar */ = {isa = PBXFileReference; lastKnownFileType = text.plist.strings; name = ar; path = ar.lproj/Main.strings; sourceTree = "<group>"; };
		1873C0772740FAA9004D36BC /* ar */ = {isa = PBXFileReference; lastKnownFileType = text.plist.strings; name = ar; path = ar.lproj/Localizable.strings; sourceTree = "<group>"; };
		1873C078274102DA004D36BC /* en */ = {isa = PBXFileReference; lastKnownFileType = text.plist.strings; name = en; path = en.lproj/Localizable.strings; sourceTree = "<group>"; };
/* End PBXFileReference section */

/* Begin PBXFrameworksBuildPhase section */
		1873C0492740E063004D36BC /* Frameworks */ = {
			isa = PBXFrameworksBuildPhase;
			buildActionMask = 2147483647;
			files = (
			);
			runOnlyForDeploymentPostprocessing = 0;
		};
/* End PBXFrameworksBuildPhase section */

/* Begin PBXGroup section */
		1873C0432740E063004D36BC = {
			isa = PBXGroup;
			children = (
				1873C04E2740E063004D36BC /* Prototype-Internationalization_Localization- “Nada-Llbalawi”. */,
				1873C04D2740E063004D36BC /* Products */,
			);
			sourceTree = "<group>";
		};
		1873C04D2740E063004D36BC /* Products */ = {
			isa = PBXGroup;
			children = (
				1873C04C2740E063004D36BC /* Prototype-Internationalization_Localization- “Nada-Llbalawi”..app */,
			);
			name = Products;
			sourceTree = "<group>";
		};
		1873C04E2740E063004D36BC /* Prototype-Internationalization_Localization- “Nada-Llbalawi”. */ = {
			isa = PBXGroup;
			children = (
				1873C0732740F43F004D36BC /* Extensions */,
				1873C04F2740E063004D36BC /* AppDelegate.swift */,
				1873C0512740E063004D36BC /* SceneDelegate.swift */,
				1873C0662740E480004D36BC /* viwe */,
				1873C0532740E063004D36BC /* ViewController.swift */,
				1873C0552740E063004D36BC /* Main.storyboard */,
				1873C0582740E064004D36BC /* Assets.xcassets */,
				1873C05D2740E064004D36BC /* Info.plist */,
			);
			path = "Prototype-Internationalization_Localization- “Nada-Llbalawi”.";
			sourceTree = "<group>";
		};
		1873C0662740E480004D36BC /* viwe */ = {
			isa = PBXGroup;
			children = (
				1873C0672740ED38004D36BC /* Trinstion */,
			);
			path = viwe;
			sourceTree = "<group>";
		};
		1873C0672740ED38004D36BC /* Trinstion */ = {
			isa = PBXGroup;
			children = (
				1873C06E2740F358004D36BC /* Localizable.strings */,
				1873C05A2740E064004D36BC /* LaunchScreen.storyboard */,
			);
			path = Trinstion;
			sourceTree = "<group>";
		};
		1873C0732740F43F004D36BC /* Extensions */ = {
			isa = PBXGroup;
			children = (
				1873C0742740F491004D36BC /* String+Ext.swift */,
			);
			path = Extensions;
			sourceTree = "<group>";
		};
/* End PBXGroup section */

/* Begin PBXNativeTarget section */
		1873C04B2740E063004D36BC /* Prototype-Internationalization_Localization- “Nada-Llbalawi”. */ = {
			isa = PBXNativeTarget;
			buildConfigurationList = 1873C0602740E064004D36BC /* Build configuration list for PBXNativeTarget "Prototype-Internationalization_Localization- “Nada-Llbalawi”." */;
			buildPhases = (
				1873C0482740E063004D36BC /* Sources */,
				1873C0492740E063004D36BC /* Frameworks */,
				1873C04A2740E063004D36BC /* Resources */,
			);
			buildRules = (
			);
			dependencies = (
			);
			name = "Prototype-Internationalization_Localization- “Nada-Llbalawi”.";
			productName = "Prototype-Internationalization_Localization- “Nada-Llbalawi”.";
			productReference = 1873C04C2740E063004D36BC /* Prototype-Internationalization_Localization- “Nada-Llbalawi”..app */;
			productType = "com.apple.product-type.application";
		};
/* End PBXNativeTarget section */

/* Begin PBXProject section */
		1873C0442740E063004D36BC /* Project object */ = {
			isa = PBXProject;
			attributes = {
				LastSwiftUpdateCheck = 1250;
				LastUpgradeCheck = 1250;
				TargetAttributes = {
					1873C04B2740E063004D36BC = {
						CreatedOnToolsVersion = 12.5;
					};
				};
			};
			buildConfigurationList = 1873C0472740E063004D36BC /* Build configuration list for PBXProject "Prototype-Internationalization_Localization- “Nada-Llbalawi”." */;
			compatibilityVersion = "Xcode 9.3";
			developmentRegion = en;
			hasScannedForEncodings = 0;
			knownRegions = (
				en,
				Base,
				"es-419",
				ca,
				fr,
				ar,
			);
			mainGroup = 1873C0432740E063004D36BC;
			productRefGroup = 1873C04D2740E063004D36BC /* Products */;
			projectDirPath = "";
			projectRoot = "";
			targets = (
				1873C04B2740E063004D36BC /* Prototype-Internationalization_Localization- “Nada-Llbalawi”. */,
			);
		};
/* End PBXProject section */

/* Begin PBXResourcesBuildPhase section */
		1873C04A2740E063004D36BC /* Resources */ = {
			isa = PBXResourcesBuildPhase;
			buildActionMask = 2147483647;
			files = (
				1873C05C2740E064004D36BC /* LaunchScreen.storyboard in Resources */,
				1873C06C2740F358004D36BC /* Localizable.strings in Resources */,
				1873C0592740E064004D36BC /* Assets.xcassets in Resources */,
				1873C0572740E063004D36BC /* Main.storyboard in Resources */,
			);
			runOnlyForDeploymentPostprocessing = 0;
		};
/* End PBXResourcesBuildPhase section */

/* Begin PBXSourcesBuildPhase section */
		1873C0482740E063004D36BC /* Sources */ = {
			isa = PBXSourcesBuildPhase;
			buildActionMask = 2147483647;
			files = (
				1873C0542740E063004D36BC /* ViewController.swift in Sources */,
				1873C0502740E063004D36BC /* AppDelegate.swift in Sources */,
				1873C0752740F491004D36BC /* String+Ext.swift in Sources */,
				1873C0522740E063004D36BC /* SceneDelegate.swift in Sources */,
			);
			runOnlyForDeploymentPostprocessing = 0;
		};
/* End PBXSourcesBuildPhase section */

/* Begin PBXVariantGroup section */
		1873C0552740E063004D36BC /* Main.storyboard */ = {
			isa = PBXVariantGroup;
			children = (
				1873C0562740E063004D36BC /* Base */,
				1873C0632740E2D0004D36BC /* es-419 */,
				1873C0642740E374004D36BC /* ca */,
				1873C0652740E38D004D36BC /* fr */,
				1873C0762740FAA9004D36BC /* ar */,
			);
			name = Main.storyboard;
			sourceTree = "<group>";
		};
		1873C05A2740E064004D36BC /* LaunchScreen.storyboard */ = {
			isa = PBXVariantGroup;
			children = (
				1873C05B2740E064004D36BC /* Base */,
			);
			name = LaunchScreen.storyboard;
			sourceTree = "<group>";
		};
		1873C06E2740F358004D36BC /* Localizable.strings */ = {
			isa = PBXVariantGroup;
			children = (
				1873C0702740F37D004D36BC /* es-419 */,
				1873C0712740F3CF004D36BC /* fr */,
				1873C0722740F3D7004D36BC /* ca */,
				1873C0772740FAA9004D36BC /* ar */,
				1873C078274102DA004D36BC /* en */,
			);
			name = Localizable.strings;
			sourceTree = "<group>";
			usesTabs = 0;
		};
/* End PBXVariantGroup section */

/* Begin XCBuildConfiguration section */
		1873C05E2740E064004D36BC /* Debug */ = {
			isa = XCBuildConfiguration;
			buildSettings = {
				ALWAYS_SEARCH_USER_PATHS = NO;
				CLANG_ANALYZER_LOCALIZABILITY_NONLOCALIZED = YES;
				CLANG_ANALYZER_NONNULL = YES;
				CLANG_ANALYZER_NUMBER_OBJECT_CONVERSION = YES_AGGRESSIVE;
				CLANG_CXX_LANGUAGE_STANDARD = "gnu++14";
				CLANG_CXX_LIBRARY = "libc++";
				CLANG_ENABLE_MODULES = YES;
				CLANG_ENABLE_OBJC_ARC = YES;
				CLANG_ENABLE_OBJC_WEAK = YES;
				CLANG_WARN_BLOCK_CAPTURE_AUTORELEASING = YES;
				CLANG_WARN_BOOL_CONVERSION = YES;
				CLANG_WARN_COMMA = YES;
				CLANG_WARN_CONSTANT_CONVERSION = YES;
				CLANG_WARN_DEPRECATED_OBJC_IMPLEMENTATIONS = YES;
				CLANG_WARN_DIRECT_OBJC_ISA_USAGE = YES_ERROR;
				CLANG_WARN_DOCUMENTATION_COMMENTS = YES;
				CLANG_WARN_EMPTY_BODY = YES;
				CLANG_WARN_ENUM_CONVERSION = YES;
				CLANG_WARN_INFINITE_RECURSION = YES;
				CLANG_WARN_INT_CONVERSION = YES;
				CLANG_WARN_NON_LITERAL_NULL_CONVERSION = YES;
				CLANG_WARN_OBJC_IMPLICIT_RETAIN_SELF = YES;
				CLANG_WARN_OBJC_LITERAL_CONVERSION = YES;
				CLANG_WARN_OBJC_ROOT_CLASS = YES_ERROR;
				CLANG_WARN_QUOTED_INCLUDE_IN_FRAMEWORK_HEADER = YES;
				CLANG_WARN_RANGE_LOOP_ANALYSIS = YES;
				CLANG_WARN_STRICT_PROTOTYPES = YES;
				CLANG_WARN_SUSPICIOUS_MOVE = YES;
				CLANG_WARN_UNGUARDED_AVAILABILITY = YES_AGGRESSIVE;
				CLANG_WARN_UNREACHABLE_CODE = YES;
				CLANG_WARN__DUPLICATE_METHOD_MATCH = YES;
				COPY_PHASE_STRIP = NO;
				DEBUG_INFORMATION_FORMAT = dwarf;
				ENABLE_STRICT_OBJC_MSGSEND = YES;
				ENABLE_TESTABILITY = YES;
				GCC_C_LANGUAGE_STANDARD = gnu11;
				GCC_DYNAMIC_NO_PIC = NO;
				GCC_NO_COMMON_BLOCKS = YES;
				GCC_OPTIMIZATION_LEVEL = 0;
				GCC_PREPROCESSOR_DEFINITIONS = (
					"DEBUG=1",
					"$(inherited)",
				);
				GCC_WARN_64_TO_32_BIT_CONVERSION = YES;
				GCC_WARN_ABOUT_RETURN_TYPE = YES_ERROR;
				GCC_WARN_UNDECLARED_SELECTOR = YES;
				GCC_WARN_UNINITIALIZED_AUTOS = YES_AGGRESSIVE;
				GCC_WARN_UNUSED_FUNCTION = YES;
				GCC_WARN_UNUSED_VARIABLE = YES;
				IPHONEOS_DEPLOYMENT_TARGET = 14.5;
				MTL_ENABLE_DEBUG_INFO = INCLUDE_SOURCE;
				MTL_FAST_MATH = YES;
				ONLY_ACTIVE_ARCH = YES;
				SDKROOT = iphoneos;
				SWIFT_ACTIVE_COMPILATION_CONDITIONS = DEBUG;
				SWIFT_OPTIMIZATION_LEVEL = "-Onone";
			};
			name = Debug;
		};
		1873C05F2740E064004D36BC /* Release */ = {
			isa = XCBuildConfiguration;
			buildSettings = {
				ALWAYS_SEARCH_USER_PATHS = NO;
				CLANG_ANALYZER_LOCALIZABILITY_NONLOCALIZED = YES;
				CLANG_ANALYZER_NONNULL = YES;
				CLANG_ANALYZER_NUMBER_OBJECT_CONVERSION = YES_AGGRESSIVE;
				CLANG_CXX_LANGUAGE_STANDARD = "gnu++14";
				CLANG_CXX_LIBRARY = "libc++";
				CLANG_ENABLE_MODULES = YES;
				CLANG_ENABLE_OBJC_ARC = YES;
				CLANG_ENABLE_OBJC_WEAK = YES;
				CLANG_WARN_BLOCK_CAPTURE_AUTORELEASING = YES;
				CLANG_WARN_BOOL_CONVERSION = YES;
				CLANG_WARN_COMMA = YES;
				CLANG_WARN_CONSTANT_CONVERSION = YES;
				CLANG_WARN_DEPRECATED_OBJC_IMPLEMENTATIONS = YES;
				CLANG_WARN_DIRECT_OBJC_ISA_USAGE = YES_ERROR;
				CLANG_WARN_DOCUMENTATION_COMMENTS = YES;
				CLANG_WARN_EMPTY_BODY = YES;
				CLANG_WARN_ENUM_CONVERSION = YES;
				CLANG_WARN_INFINITE_RECURSION = YES;
				CLANG_WARN_INT_CONVERSION = YES;
				CLANG_WARN_NON_LITERAL_NULL_CONVERSION = YES;
				CLANG_WARN_OBJC_IMPLICIT_RETAIN_SELF = YES;
				CLANG_WARN_OBJC_LITERAL_CONVERSION = YES;
				CLANG_WARN_OBJC_ROOT_CLASS = YES_ERROR;
				CLANG_WARN_QUOTED_INCLUDE_IN_FRAMEWORK_HEADER = YES;
				CLANG_WARN_RANGE_LOOP_ANALYSIS = YES;
				CLANG_WARN_STRICT_PROTOTYPES = YES;
				CLANG_WARN_SUSPICIOUS_MOVE = YES;
				CLANG_WARN_UNGUARDED_AVAILABILITY = YES_AGGRESSIVE;
				CLANG_WARN_UNREACHABLE_CODE = YES;
				CLANG_WARN__DUPLICATE_METHOD_MATCH = YES;
				COPY_PHASE_STRIP = NO;
				DEBUG_INFORMATION_FORMAT = "dwarf-with-dsym";
				ENABLE_NS_ASSERTIONS = NO;
				ENABLE_STRICT_OBJC_MSGSEND = YES;
				GCC_C_LANGUAGE_STANDARD = gnu11;
				GCC_NO_COMMON_BLOCKS = YES;
				GCC_WARN_64_TO_32_BIT_CONVERSION = YES;
				GCC_WARN_ABOUT_RETURN_TYPE = YES_ERROR;
				GCC_WARN_UNDECLARED_SELECTOR = YES;
				GCC_WARN_UNINITIALIZED_AUTOS = YES_AGGRESSIVE;
				GCC_WARN_UNUSED_FUNCTION = YES;
				GCC_WARN_UNUSED_VARIABLE = YES;
				IPHONEOS_DEPLOYMENT_TARGET = 14.5;
				MTL_ENABLE_DEBUG_INFO = NO;
				MTL_FAST_MATH = YES;
				SDKROOT = iphoneos;
				SWIFT_COMPILATION_MODE = wholemodule;
				SWIFT_OPTIMIZATION_LEVEL = "-O";
				VALIDATE_PRODUCT = YES;
			};
			name = Release;
		};
		1873C0612740E064004D36BC /* Debug */ = {
			isa = XCBuildConfiguration;
			buildSettings = {
				ASSETCATALOG_COMPILER_APPICON_NAME = AppIcon;
				ASSETCATALOG_COMPILER_GLOBAL_ACCENT_COLOR_NAME = AccentColor;
				CODE_SIGN_STYLE = Automatic;
				INFOPLIST_FILE = "Prototype-Internationalization_Localization- “Nada-Llbalawi”./Info.plist";
				LD_RUNPATH_SEARCH_PATHS = (
					"$(inherited)",
					"@executable_path/Frameworks",
				);
				PRODUCT_BUNDLE_IDENTIFIER = "com.nadaalbalawi.Prototype-Internationalization-Localization---Nada-Llbalawi--";
				PRODUCT_NAME = "$(TARGET_NAME)";
				SWIFT_VERSION = 5.0;
				TARGETED_DEVICE_FAMILY = "1,2";
			};
			name = Debug;
		};
		1873C0622740E064004D36BC /* Release */ = {
			isa = XCBuildConfiguration;
			buildSettings = {
				ASSETCATALOG_COMPILER_APPICON_NAME = AppIcon;
				ASSETCATALOG_COMPILER_GLOBAL_ACCENT_COLOR_NAME = AccentColor;
				CODE_SIGN_STYLE = Automatic;
				INFOPLIST_FILE = "Prototype-Internationalization_Localization- “Nada-Llbalawi”./Info.plist";
				LD_RUNPATH_SEARCH_PATHS = (
					"$(inherited)",
					"@executable_path/Frameworks",
				);
				PRODUCT_BUNDLE_IDENTIFIER = "com.nadaalbalawi.Prototype-Internationalization-Localization---Nada-Llbalawi--";
				PRODUCT_NAME = "$(TARGET_NAME)";
				SWIFT_VERSION = 5.0;
				TARGETED_DEVICE_FAMILY = "1,2";
			};
			name = Release;
		};
/* End XCBuildConfiguration section */

/* Begin XCConfigurationList section */
		1873C0472740E063004D36BC /* Build configuration list for PBXProject "Prototype-Internationalization_Localization- “Nada-Llbalawi”." */ = {
			isa = XCConfigurationList;
			buildConfigurations = (
				1873C05E2740E064004D36BC /* Debug */,
				1873C05F2740E064004D36BC /* Release */,
			);
			defaultConfigurationIsVisible = 0;
			defaultConfigurationName = Release;
		};
		1873C0602740E064004D36BC /* Build configuration list for PBXNativeTarget "Prototype-Internationalization_Localization- “Nada-Llbalawi”." */ = {
			isa = XCConfigurationList;
			buildConfigurations = (
				1873C0612740E064004D36BC /* Debug */,
				1873C0622740E064004D36BC /* Release */,
			);
			defaultConfigurationIsVisible = 0;
			defaultConfigurationName = Release;
		};
/* End XCConfigurationList section */
	};
	rootObject = 1873C0442740E063004D36BC /* Project object */;
}
