// !$*UTF8*$!
{
	archiveVersion = 1;
	classes = {
	};
	objectVersion = 54;
	objects = {

/* Begin PBXBuildFile section */
		CAC6087E2740FD330016B6D0 /* AppDelegate.swift in Sources */ = {isa = PBXBuildFile; fileRef = CAC6087D2740FD330016B6D0 /* AppDelegate.swift */; };
		CAC608802740FD330016B6D0 /* SceneDelegate.swift in Sources */ = {isa = PBXBuildFile; fileRef = CAC6087F2740FD330016B6D0 /* SceneDelegate.swift */; };
		CAC608822740FD330016B6D0 /* ViewController.swift in Sources */ = {isa = PBXBuildFile; fileRef = CAC608812740FD330016B6D0 /* ViewController.swift */; };
		CAC608852740FD330016B6D0 /* Main.storyboard in Resources */ = {isa = PBXBuildFile; fileRef = CAC608832740FD330016B6D0 /* Main.storyboard */; };
		CAC608872740FD350016B6D0 /* Assets.xcassets in Resources */ = {isa = PBXBuildFile; fileRef = CAC608862740FD350016B6D0 /* Assets.xcassets */; };
		CAC6088A2740FD350016B6D0 /* LaunchScreen.storyboard in Resources */ = {isa = PBXBuildFile; fileRef = CAC608882740FD350016B6D0 /* LaunchScreen.storyboard */; };
		CAC608962740FE690016B6D0 /* Localize+Ext.swift in Sources */ = {isa = PBXBuildFile; fileRef = CAC608952740FE690016B6D0 /* Localize+Ext.swift */; };
		CAC6089A2741009D0016B6D0 /* Localizable.strings in Resources */ = {isa = PBXBuildFile; fileRef = CAC6089C2741009D0016B6D0 /* Localizable.strings */; };
/* End PBXBuildFile section */

/* Begin PBXFileReference section */
		CAC6087A2740FD330016B6D0 /* PROTOTYPE-Internationalization_and_localization"AishaAli".app */ = {isa = PBXFileReference; explicitFileType = wrapper.application; includeInIndex = 0; path = "PROTOTYPE-Internationalization_and_localization\"AishaAli\".app"; sourceTree = BUILT_PRODUCTS_DIR; };
		CAC6087D2740FD330016B6D0 /* AppDelegate.swift */ = {isa = PBXFileReference; lastKnownFileType = sourcecode.swift; path = AppDelegate.swift; sourceTree = "<group>"; };
		CAC6087F2740FD330016B6D0 /* SceneDelegate.swift */ = {isa = PBXFileReference; lastKnownFileType = sourcecode.swift; path = SceneDelegate.swift; sourceTree = "<group>"; };
		CAC608812740FD330016B6D0 /* ViewController.swift */ = {isa = PBXFileReference; lastKnownFileType = sourcecode.swift; path = ViewController.swift; sourceTree = "<group>"; };
		CAC608842740FD330016B6D0 /* Base */ = {isa = PBXFileReference; lastKnownFileType = file.storyboard; name = Base; path = Base.lproj/Main.storyboard; sourceTree = "<group>"; };
		CAC608862740FD350016B6D0 /* Assets.xcassets */ = {isa = PBXFileReference; lastKnownFileType = folder.assetcatalog; path = Assets.xcassets; sourceTree = "<group>"; };
		CAC608892740FD350016B6D0 /* Base */ = {isa = PBXFileReference; lastKnownFileType = file.storyboard; name = Base; path = Base.lproj/LaunchScreen.storyboard; sourceTree = "<group>"; };
		CAC6088B2740FD350016B6D0 /* Info.plist */ = {isa = PBXFileReference; lastKnownFileType = text.plist.xml; path = Info.plist; sourceTree = "<group>"; };
		CAC608912740FD7B0016B6D0 /* ca */ = {isa = PBXFileReference; lastKnownFileType = text.plist.strings; name = ca; path = ca.lproj/Main.strings; sourceTree = "<group>"; };
		CAC608922740FD850016B6D0 /* fr */ = {isa = PBXFileReference; lastKnownFileType = text.plist.strings; name = fr; path = fr.lproj/Main.strings; sourceTree = "<group>"; };
		CAC608932740FD910016B6D0 /* es */ = {isa = PBXFileReference; lastKnownFileType = text.plist.strings; name = es; path = es.lproj/Main.strings; sourceTree = "<group>"; };
		CAC608942740FDF70016B6D0 /* ar */ = {isa = PBXFileReference; lastKnownFileType = text.plist.strings; name = ar; path = ar.lproj/Main.strings; sourceTree = "<group>"; };
		CAC608952740FE690016B6D0 /* Localize+Ext.swift */ = {isa = PBXFileReference; fileEncoding = 4; lastKnownFileType = sourcecode.swift; path = "Localize+Ext.swift"; sourceTree = "<group>"; };
		CAC6089B2741009D0016B6D0 /* ar */ = {isa = PBXFileReference; lastKnownFileType = text.plist.strings; name = ar; path = ar.lproj/Localizable.strings; sourceTree = "<group>"; };
		CAC6089D274100A10016B6D0 /* ca */ = {isa = PBXFileReference; lastKnownFileType = text.plist.strings; name = ca; path = ca.lproj/Localizable.strings; sourceTree = "<group>"; };
		CAC6089E274100A30016B6D0 /* fr */ = {isa = PBXFileReference; lastKnownFileType = text.plist.strings; name = fr; path = fr.lproj/Localizable.strings; sourceTree = "<group>"; };
		CAC6089F274100A50016B6D0 /* es */ = {isa = PBXFileReference; lastKnownFileType = text.plist.strings; name = es; path = es.lproj/Localizable.strings; sourceTree = "<group>"; };
/* End PBXFileReference section */

/* Begin PBXFrameworksBuildPhase section */
		CAC608772740FD330016B6D0 /* Frameworks */ = {
			isa = PBXFrameworksBuildPhase;
			buildActionMask = 2147483647;
			files = (
			);
			runOnlyForDeploymentPostprocessing = 0;
		};
/* End PBXFrameworksBuildPhase section */

/* Begin PBXGroup section */
		CAC608712740FD330016B6D0 = {
			isa = PBXGroup;
			children = (
				CAC6087C2740FD330016B6D0 /* PROTOTYPE-Internationalization_and_localization"AishaAli" */,
				CAC6087B2740FD330016B6D0 /* Products */,
			);
			sourceTree = "<group>";
		};
		CAC6087B2740FD330016B6D0 /* Products */ = {
			isa = PBXGroup;
			children = (
				CAC6087A2740FD330016B6D0 /* PROTOTYPE-Internationalization_and_localization"AishaAli".app */,
			);
			name = Products;
			sourceTree = "<group>";
		};
		CAC6087C2740FD330016B6D0 /* PROTOTYPE-Internationalization_and_localization"AishaAli" */ = {
			isa = PBXGroup;
			children = (
				CAC6087D2740FD330016B6D0 /* AppDelegate.swift */,
				CAC6087F2740FD330016B6D0 /* SceneDelegate.swift */,
				CAC608972741007C0016B6D0 /* New Group */,
				CAC608812740FD330016B6D0 /* ViewController.swift */,
				CAC608952740FE690016B6D0 /* Localize+Ext.swift */,
				CAC608832740FD330016B6D0 /* Main.storyboard */,
				CAC608862740FD350016B6D0 /* Assets.xcassets */,
				CAC608882740FD350016B6D0 /* LaunchScreen.storyboard */,
				CAC6088B2740FD350016B6D0 /* Info.plist */,
			);
			path = "PROTOTYPE-Internationalization_and_localization\"AishaAli\"";
			sourceTree = "<group>";
		};
		CAC608972741007C0016B6D0 /* New Group */ = {
			isa = PBXGroup;
			children = (
				CAC6089C2741009D0016B6D0 /* Localizable.strings */,
			);
			path = "New Group";
			sourceTree = "<group>";
		};
/* End PBXGroup section */

/* Begin PBXNativeTarget section */
		CAC608792740FD330016B6D0 /* PROTOTYPE-Internationalization_and_localization"AishaAli" */ = {
			isa = PBXNativeTarget;
			buildConfigurationList = CAC6088E2740FD350016B6D0 /* Build configuration list for PBXNativeTarget "PROTOTYPE-Internationalization_and_localization"AishaAli"" */;
			buildPhases = (
				CAC608762740FD330016B6D0 /* Sources */,
				CAC608772740FD330016B6D0 /* Frameworks */,
				CAC608782740FD330016B6D0 /* Resources */,
			);
			buildRules = (
			);
			dependencies = (
			);
			name = "PROTOTYPE-Internationalization_and_localization\"AishaAli\"";
			productName = "PROTOTYPE-Internationalization_and_localization\"AishaAli\"";
			productReference = CAC6087A2740FD330016B6D0 /* PROTOTYPE-Internationalization_and_localization"AishaAli".app */;
			productType = "com.apple.product-type.application";
		};
/* End PBXNativeTarget section */

/* Begin PBXProject section */
		CAC608722740FD330016B6D0 /* Project object */ = {
			isa = PBXProject;
			attributes = {
				BuildIndependentTargetsInParallel = 1;
				LastSwiftUpdateCheck = 1310;
				LastUpgradeCheck = 1310;
				TargetAttributes = {
					CAC608792740FD330016B6D0 = {
						CreatedOnToolsVersion = 13.1;
					};
				};
			};
			buildConfigurationList = CAC608752740FD330016B6D0 /* Build configuration list for PBXProject "PROTOTYPE-Internationalization_and_localization"AishaAli"" */;
			compatibilityVersion = "Xcode 12.0";
			developmentRegion = en;
			hasScannedForEncodings = 0;
			knownRegions = (
				en,
				Base,
				ca,
				fr,
				es,
				ar,
			);
			mainGroup = CAC608712740FD330016B6D0;
			productRefGroup = CAC6087B2740FD330016B6D0 /* Products */;
			projectDirPath = "";
			projectRoot = "";
			targets = (
				CAC608792740FD330016B6D0 /* PROTOTYPE-Internationalization_and_localization"AishaAli" */,
			);
		};
/* End PBXProject section */

/* Begin PBXResourcesBuildPhase section */
		CAC608782740FD330016B6D0 /* Resources */ = {
			isa = PBXResourcesBuildPhase;
			buildActionMask = 2147483647;
			files = (
				CAC6088A2740FD350016B6D0 /* LaunchScreen.storyboard in Resources */,
				CAC6089A2741009D0016B6D0 /* Localizable.strings in Resources */,
				CAC608872740FD350016B6D0 /* Assets.xcassets in Resources */,
				CAC608852740FD330016B6D0 /* Main.storyboard in Resources */,
			);
			runOnlyForDeploymentPostprocessing = 0;
		};
/* End PBXResourcesBuildPhase section */

/* Begin PBXSourcesBuildPhase section */
		CAC608762740FD330016B6D0 /* Sources */ = {
			isa = PBXSourcesBuildPhase;
			buildActionMask = 2147483647;
			files = (
				CAC608962740FE690016B6D0 /* Localize+Ext.swift in Sources */,
				CAC608822740FD330016B6D0 /* ViewController.swift in Sources */,
				CAC6087E2740FD330016B6D0 /* AppDelegate.swift in Sources */,
				CAC608802740FD330016B6D0 /* SceneDelegate.swift in Sources */,
			);
			runOnlyForDeploymentPostprocessing = 0;
		};
/* End PBXSourcesBuildPhase section */

/* Begin PBXVariantGroup section */
		CAC608832740FD330016B6D0 /* Main.storyboard */ = {
			isa = PBXVariantGroup;
			children = (
				CAC608842740FD330016B6D0 /* Base */,
				CAC608912740FD7B0016B6D0 /* ca */,
				CAC608922740FD850016B6D0 /* fr */,
				CAC608932740FD910016B6D0 /* es */,
				CAC608942740FDF70016B6D0 /* ar */,
			);
			name = Main.storyboard;
			sourceTree = "<group>";
		};
		CAC608882740FD350016B6D0 /* LaunchScreen.storyboard */ = {
			isa = PBXVariantGroup;
			children = (
				CAC608892740FD350016B6D0 /* Base */,
			);
			name = LaunchScreen.storyboard;
			sourceTree = "<group>";
		};
		CAC6089C2741009D0016B6D0 /* Localizable.strings */ = {
			isa = PBXVariantGroup;
			children = (
				CAC6089B2741009D0016B6D0 /* ar */,
				CAC6089D274100A10016B6D0 /* ca */,
				CAC6089E274100A30016B6D0 /* fr */,
				CAC6089F274100A50016B6D0 /* es */,
			);
			name = Localizable.strings;
			sourceTree = "<group>";
		};
/* End PBXVariantGroup section */

/* Begin XCBuildConfiguration section */
		CAC6088C2740FD350016B6D0 /* Debug */ = {
			isa = XCBuildConfiguration;
			buildSettings = {
				ALWAYS_SEARCH_USER_PATHS = NO;
				CLANG_ANALYZER_LOCALIZABILITY_NONLOCALIZED = YES;
				CLANG_ANALYZER_NONNULL = YES;
				CLANG_ANALYZER_NUMBER_OBJECT_CONVERSION = YES_AGGRESSIVE;
				CLANG_CXX_LANGUAGE_STANDARD = "gnu++17";
				CLANG_CXX_LIBRARY = "libc++";
				CLANG_ENABLE_MODULES = YES;
				CLANG_ENABLE_OBJC_ARC = YES;
				CLANG_ENABLE_OBJC_WEAK = YES;
				CLANG_WARN_BLOCK_CAPTURE_AUTORELEASING = YES;
				CLANG_WARN_BOOL_CONVERSION = YES;
				CLANG_WARN_COMMA = YES;
				CLANG_WARN_CONSTANT_CONVERSION = YES;
				CLANG_WARN_DEPRECATED_OBJC_IMPLEMENTATIONS = YES;
				CLANG_WARN_DIRECT_OBJC_ISA_USAGE = YES_ERROR;
				CLANG_WARN_DOCUMENTATION_COMMENTS = YES;
				CLANG_WARN_EMPTY_BODY = YES;
				CLANG_WARN_ENUM_CONVERSION = YES;
				CLANG_WARN_INFINITE_RECURSION = YES;
				CLANG_WARN_INT_CONVERSION = YES;
				CLANG_WARN_NON_LITERAL_NULL_CONVERSION = YES;
				CLANG_WARN_OBJC_IMPLICIT_RETAIN_SELF = YES;
				CLANG_WARN_OBJC_LITERAL_CONVERSION = YES;
				CLANG_WARN_OBJC_ROOT_CLASS = YES_ERROR;
				CLANG_WARN_QUOTED_INCLUDE_IN_FRAMEWORK_HEADER = YES;
				CLANG_WARN_RANGE_LOOP_ANALYSIS = YES;
				CLANG_WARN_STRICT_PROTOTYPES = YES;
				CLANG_WARN_SUSPICIOUS_MOVE = YES;
				CLANG_WARN_UNGUARDED_AVAILABILITY = YES_AGGRESSIVE;
				CLANG_WARN_UNREACHABLE_CODE = YES;
				CLANG_WARN__DUPLICATE_METHOD_MATCH = YES;
				COPY_PHASE_STRIP = NO;
				DEBUG_INFORMATION_FORMAT = dwarf;
				ENABLE_STRICT_OBJC_MSGSEND = YES;
				ENABLE_TESTABILITY = YES;
				GCC_C_LANGUAGE_STANDARD = gnu11;
				GCC_DYNAMIC_NO_PIC = NO;
				GCC_NO_COMMON_BLOCKS = YES;
				GCC_OPTIMIZATION_LEVEL = 0;
				GCC_PREPROCESSOR_DEFINITIONS = (
					"DEBUG=1",
					"$(inherited)",
				);
				GCC_WARN_64_TO_32_BIT_CONVERSION = YES;
				GCC_WARN_ABOUT_RETURN_TYPE = YES_ERROR;
				GCC_WARN_UNDECLARED_SELECTOR = YES;
				GCC_WARN_UNINITIALIZED_AUTOS = YES_AGGRESSIVE;
				GCC_WARN_UNUSED_FUNCTION = YES;
				GCC_WARN_UNUSED_VARIABLE = YES;
				IPHONEOS_DEPLOYMENT_TARGET = 14.6;
				MTL_ENABLE_DEBUG_INFO = INCLUDE_SOURCE;
				MTL_FAST_MATH = YES;
				ONLY_ACTIVE_ARCH = YES;
				SDKROOT = iphoneos;
				SWIFT_ACTIVE_COMPILATION_CONDITIONS = DEBUG;
				SWIFT_OPTIMIZATION_LEVEL = "-Onone";
			};
			name = Debug;
		};
		CAC6088D2740FD350016B6D0 /* Release */ = {
			isa = XCBuildConfiguration;
			buildSettings = {
				ALWAYS_SEARCH_USER_PATHS = NO;
				CLANG_ANALYZER_LOCALIZABILITY_NONLOCALIZED = YES;
				CLANG_ANALYZER_NONNULL = YES;
				CLANG_ANALYZER_NUMBER_OBJECT_CONVERSION = YES_AGGRESSIVE;
				CLANG_CXX_LANGUAGE_STANDARD = "gnu++17";
				CLANG_CXX_LIBRARY = "libc++";
				CLANG_ENABLE_MODULES = YES;
				CLANG_ENABLE_OBJC_ARC = YES;
				CLANG_ENABLE_OBJC_WEAK = YES;
				CLANG_WARN_BLOCK_CAPTURE_AUTORELEASING = YES;
				CLANG_WARN_BOOL_CONVERSION = YES;
				CLANG_WARN_COMMA = YES;
				CLANG_WARN_CONSTANT_CONVERSION = YES;
				CLANG_WARN_DEPRECATED_OBJC_IMPLEMENTATIONS = YES;
				CLANG_WARN_DIRECT_OBJC_ISA_USAGE = YES_ERROR;
				CLANG_WARN_DOCUMENTATION_COMMENTS = YES;
				CLANG_WARN_EMPTY_BODY = YES;
				CLANG_WARN_ENUM_CONVERSION = YES;
				CLANG_WARN_INFINITE_RECURSION = YES;
				CLANG_WARN_INT_CONVERSION = YES;
				CLANG_WARN_NON_LITERAL_NULL_CONVERSION = YES;
				CLANG_WARN_OBJC_IMPLICIT_RETAIN_SELF = YES;
				CLANG_WARN_OBJC_LITERAL_CONVERSION = YES;
				CLANG_WARN_OBJC_ROOT_CLASS = YES_ERROR;
				CLANG_WARN_QUOTED_INCLUDE_IN_FRAMEWORK_HEADER = YES;
				CLANG_WARN_RANGE_LOOP_ANALYSIS = YES;
				CLANG_WARN_STRICT_PROTOTYPES = YES;
				CLANG_WARN_SUSPICIOUS_MOVE = YES;
				CLANG_WARN_UNGUARDED_AVAILABILITY = YES_AGGRESSIVE;
				CLANG_WARN_UNREACHABLE_CODE = YES;
				CLANG_WARN__DUPLICATE_METHOD_MATCH = YES;
				COPY_PHASE_STRIP = NO;
				DEBUG_INFORMATION_FORMAT = "dwarf-with-dsym";
				ENABLE_NS_ASSERTIONS = NO;
				ENABLE_STRICT_OBJC_MSGSEND = YES;
				GCC_C_LANGUAGE_STANDARD = gnu11;
				GCC_NO_COMMON_BLOCKS = YES;
				GCC_WARN_64_TO_32_BIT_CONVERSION = YES;
				GCC_WARN_ABOUT_RETURN_TYPE = YES_ERROR;
				GCC_WARN_UNDECLARED_SELECTOR = YES;
				GCC_WARN_UNINITIALIZED_AUTOS = YES_AGGRESSIVE;
				GCC_WARN_UNUSED_FUNCTION = YES;
				GCC_WARN_UNUSED_VARIABLE = YES;
				IPHONEOS_DEPLOYMENT_TARGET = 14.6;
				MTL_ENABLE_DEBUG_INFO = NO;
				MTL_FAST_MATH = YES;
				SDKROOT = iphoneos;
				SWIFT_COMPILATION_MODE = wholemodule;
				SWIFT_OPTIMIZATION_LEVEL = "-O";
				VALIDATE_PRODUCT = YES;
			};
			name = Release;
		};
		CAC6088F2740FD350016B6D0 /* Debug */ = {
			isa = XCBuildConfiguration;
			buildSettings = {
				ASSETCATALOG_COMPILER_APPICON_NAME = AppIcon;
				ASSETCATALOG_COMPILER_GLOBAL_ACCENT_COLOR_NAME = AccentColor;
				CODE_SIGN_STYLE = Automatic;
				CURRENT_PROJECT_VERSION = 1;
				DEVELOPMENT_TEAM = U9SM3FBS5M;
				GENERATE_INFOPLIST_FILE = YES;
				INFOPLIST_FILE = "PROTOTYPE-Internationalization_and_localization\"AishaAli\"/Info.plist";
				INFOPLIST_KEY_UIApplicationSupportsIndirectInputEvents = YES;
				INFOPLIST_KEY_UILaunchStoryboardName = LaunchScreen;
				INFOPLIST_KEY_UIMainStoryboardFile = Main;
				INFOPLIST_KEY_UISupportedInterfaceOrientations_iPad = "UIInterfaceOrientationPortrait UIInterfaceOrientationPortraitUpsideDown UIInterfaceOrientationLandscapeLeft UIInterfaceOrientationLandscapeRight";
				INFOPLIST_KEY_UISupportedInterfaceOrientations_iPhone = "UIInterfaceOrientationPortrait UIInterfaceOrientationLandscapeLeft UIInterfaceOrientationLandscapeRight";
				LD_RUNPATH_SEARCH_PATHS = (
					"$(inherited)",
					"@executable_path/Frameworks",
				);
				MARKETING_VERSION = 1.0;
				PRODUCT_BUNDLE_IDENTIFIER = "com.aishaali.PROTOTYPE-Internationalization-and-localization-AishaAli-";
				PRODUCT_NAME = "$(TARGET_NAME)";
				SWIFT_EMIT_LOC_STRINGS = YES;
				SWIFT_VERSION = 5.0;
				TARGETED_DEVICE_FAMILY = "1,2";
			};
			name = Debug;
		};
		CAC608902740FD350016B6D0 /* Release */ = {
			isa = XCBuildConfiguration;
			buildSettings = {
				ASSETCATALOG_COMPILER_APPICON_NAME = AppIcon;
				ASSETCATALOG_COMPILER_GLOBAL_ACCENT_COLOR_NAME = AccentColor;
				CODE_SIGN_STYLE = Automatic;
				CURRENT_PROJECT_VERSION = 1;
				DEVELOPMENT_TEAM = U9SM3FBS5M;
				GENERATE_INFOPLIST_FILE = YES;
				INFOPLIST_FILE = "PROTOTYPE-Internationalization_and_localization\"AishaAli\"/Info.plist";
				INFOPLIST_KEY_UIApplicationSupportsIndirectInputEvents = YES;
				INFOPLIST_KEY_UILaunchStoryboardName = LaunchScreen;
				INFOPLIST_KEY_UIMainStoryboardFile = Main;
				INFOPLIST_KEY_UISupportedInterfaceOrientations_iPad = "UIInterfaceOrientationPortrait UIInterfaceOrientationPortraitUpsideDown UIInterfaceOrientationLandscapeLeft UIInterfaceOrientationLandscapeRight";
				INFOPLIST_KEY_UISupportedInterfaceOrientations_iPhone = "UIInterfaceOrientationPortrait UIInterfaceOrientationLandscapeLeft UIInterfaceOrientationLandscapeRight";
				LD_RUNPATH_SEARCH_PATHS = (
					"$(inherited)",
					"@executable_path/Frameworks",
				);
				MARKETING_VERSION = 1.0;
				PRODUCT_BUNDLE_IDENTIFIER = "com.aishaali.PROTOTYPE-Internationalization-and-localization-AishaAli-";
				PRODUCT_NAME = "$(TARGET_NAME)";
				SWIFT_EMIT_LOC_STRINGS = YES;
				SWIFT_VERSION = 5.0;
				TARGETED_DEVICE_FAMILY = "1,2";
			};
			name = Release;
		};
/* End XCBuildConfiguration section */

/* Begin XCConfigurationList section */
		CAC608752740FD330016B6D0 /* Build configuration list for PBXProject "PROTOTYPE-Internationalization_and_localization"AishaAli"" */ = {
			isa = XCConfigurationList;
			buildConfigurations = (
				CAC6088C2740FD350016B6D0 /* Debug */,
				CAC6088D2740FD350016B6D0 /* Release */,
			);
			defaultConfigurationIsVisible = 0;
			defaultConfigurationName = Release;
		};
		CAC6088E2740FD350016B6D0 /* Build configuration list for PBXNativeTarget "PROTOTYPE-Internationalization_and_localization"AishaAli"" */ = {
			isa = XCConfigurationList;
			buildConfigurations = (
				CAC6088F2740FD350016B6D0 /* Debug */,
				CAC608902740FD350016B6D0 /* Release */,
			);
			defaultConfigurationIsVisible = 0;
			defaultConfigurationName = Release;
		};
/* End XCConfigurationList section */
	};
	rootObject = CAC608722740FD330016B6D0 /* Project object */;
}
