// !$*UTF8*$!
{
	archiveVersion = 1;
	classes = {
	};
	objectVersion = 54;
	objects = {

/* Begin PBXBuildFile section */
		BF000F172740DEA600A945CF /* AppDelegate.swift in Sources */ = {isa = PBXBuildFile; fileRef = BF000F162740DEA600A945CF /* AppDelegate.swift */; };
		BF000F192740DEA600A945CF /* SceneDelegate.swift in Sources */ = {isa = PBXBuildFile; fileRef = BF000F182740DEA600A945CF /* SceneDelegate.swift */; };
		BF000F1B2740DEA600A945CF /* ViewController.swift in Sources */ = {isa = PBXBuildFile; fileRef = BF000F1A2740DEA600A945CF /* ViewController.swift */; };
		BF000F1E2740DEA600A945CF /* Main.storyboard in Resources */ = {isa = PBXBuildFile; fileRef = BF000F1C2740DEA600A945CF /* Main.storyboard */; };
		BF000F202740DEA700A945CF /* Assets.xcassets in Resources */ = {isa = PBXBuildFile; fileRef = BF000F1F2740DEA700A945CF /* Assets.xcassets */; };
		BF000F232740DEA700A945CF /* LaunchScreen.storyboard in Resources */ = {isa = PBXBuildFile; fileRef = BF000F212740DEA700A945CF /* LaunchScreen.storyboard */; };
		BF534BA22740F3750085B03B /* Localizable.strings in Resources */ = {isa = PBXBuildFile; fileRef = BF534BA42740F3750085B03B /* Localizable.strings */; };
		BF534BAA2740FA310085B03B /* String+Ext.swift in Sources */ = {isa = PBXBuildFile; fileRef = BF534BA92740FA310085B03B /* String+Ext.swift */; };
/* End PBXBuildFile section */

/* Begin PBXFileReference section */
		BF000F132740DEA600A945CF /* prototype-Internationalization_Localization-.app */ = {isa = PBXFileReference; explicitFileType = wrapper.application; includeInIndex = 0; path = "prototype-Internationalization_Localization-.app"; sourceTree = BUILT_PRODUCTS_DIR; };
		BF000F162740DEA600A945CF /* AppDelegate.swift */ = {isa = PBXFileReference; lastKnownFileType = sourcecode.swift; path = AppDelegate.swift; sourceTree = "<group>"; };
		BF000F182740DEA600A945CF /* SceneDelegate.swift */ = {isa = PBXFileReference; lastKnownFileType = sourcecode.swift; path = SceneDelegate.swift; sourceTree = "<group>"; };
		BF000F1A2740DEA600A945CF /* ViewController.swift */ = {isa = PBXFileReference; lastKnownFileType = sourcecode.swift; path = ViewController.swift; sourceTree = "<group>"; };
		BF000F1D2740DEA600A945CF /* Base */ = {isa = PBXFileReference; lastKnownFileType = file.storyboard; name = Base; path = Base.lproj/Main.storyboard; sourceTree = "<group>"; };
		BF000F1F2740DEA700A945CF /* Assets.xcassets */ = {isa = PBXFileReference; lastKnownFileType = folder.assetcatalog; path = Assets.xcassets; sourceTree = "<group>"; };
		BF000F222740DEA700A945CF /* Base */ = {isa = PBXFileReference; lastKnownFileType = file.storyboard; name = Base; path = Base.lproj/LaunchScreen.storyboard; sourceTree = "<group>"; };
		BF000F242740DEA700A945CF /* Info.plist */ = {isa = PBXFileReference; lastKnownFileType = text.plist.xml; path = Info.plist; sourceTree = "<group>"; };
		BF534B9C2740F2BD0085B03B /* ca */ = {isa = PBXFileReference; lastKnownFileType = text.plist.strings; name = ca; path = ca.lproj/Main.strings; sourceTree = "<group>"; };
		BF534B9D2740F2C80085B03B /* fr */ = {isa = PBXFileReference; lastKnownFileType = text.plist.strings; name = fr; path = fr.lproj/Main.strings; sourceTree = "<group>"; };
		BF534B9E2740F2DB0085B03B /* es */ = {isa = PBXFileReference; lastKnownFileType = text.plist.strings; name = es; path = es.lproj/Main.strings; sourceTree = "<group>"; };
		BF534BA52740F5AC0085B03B /* es */ = {isa = PBXFileReference; lastKnownFileType = text.plist.strings; name = es; path = es.lproj/Localizable.strings; sourceTree = "<group>"; };
		BF534BA62740F5B00085B03B /* en */ = {isa = PBXFileReference; lastKnownFileType = text.plist.strings; name = en; path = en.lproj/Localizable.strings; sourceTree = "<group>"; };
		BF534BA72740F8180085B03B /* ar */ = {isa = PBXFileReference; lastKnownFileType = text.plist.strings; name = ar; path = ar.lproj/Main.strings; sourceTree = "<group>"; };
		BF534BA92740FA310085B03B /* String+Ext.swift */ = {isa = PBXFileReference; lastKnownFileType = sourcecode.swift; path = "String+Ext.swift"; sourceTree = "<group>"; };
		BF534BAB2740FEA90085B03B /* ar */ = {isa = PBXFileReference; lastKnownFileType = text.plist.strings; name = ar; path = ar.lproj/Localizable.strings; sourceTree = "<group>"; };
		BF534BAC2740FEAA0085B03B /* ca */ = {isa = PBXFileReference; lastKnownFileType = text.plist.strings; name = ca; path = ca.lproj/Localizable.strings; sourceTree = "<group>"; };
		BF534BAD2740FEAC0085B03B /* fr */ = {isa = PBXFileReference; lastKnownFileType = text.plist.strings; name = fr; path = fr.lproj/Localizable.strings; sourceTree = "<group>"; };
/* End PBXFileReference section */

/* Begin PBXFrameworksBuildPhase section */
		BF000F102740DEA600A945CF /* Frameworks */ = {
			isa = PBXFrameworksBuildPhase;
			buildActionMask = 2147483647;
			files = (
			);
			runOnlyForDeploymentPostprocessing = 0;
		};
/* End PBXFrameworksBuildPhase section */

/* Begin PBXGroup section */
		BF000F0A2740DEA600A945CF = {
			isa = PBXGroup;
			children = (
				BF534BA82740F9F00085B03B /* Extensions */,
				BF534B9F2740F3070085B03B /* Translations */,
				BF000F152740DEA600A945CF /* prototype-Internationalization_Localization- */,
				BF000F142740DEA600A945CF /* Products */,
			);
			sourceTree = "<group>";
		};
		BF000F142740DEA600A945CF /* Products */ = {
			isa = PBXGroup;
			children = (
				BF000F132740DEA600A945CF /* prototype-Internationalization_Localization-.app */,
			);
			name = Products;
			sourceTree = "<group>";
		};
		BF000F152740DEA600A945CF /* prototype-Internationalization_Localization- */ = {
			isa = PBXGroup;
			children = (
				BF000F162740DEA600A945CF /* AppDelegate.swift */,
				BF000F182740DEA600A945CF /* SceneDelegate.swift */,
				BF000F1A2740DEA600A945CF /* ViewController.swift */,
				BF000F1C2740DEA600A945CF /* Main.storyboard */,
				BF000F1F2740DEA700A945CF /* Assets.xcassets */,
				BF000F212740DEA700A945CF /* LaunchScreen.storyboard */,
				BF000F242740DEA700A945CF /* Info.plist */,
			);
			path = "prototype-Internationalization_Localization-";
			sourceTree = "<group>";
		};
		BF534B9F2740F3070085B03B /* Translations */ = {
			isa = PBXGroup;
			children = (
				BF534BA42740F3750085B03B /* Localizable.strings */,
			);
			path = Translations;
			sourceTree = "<group>";
		};
		BF534BA82740F9F00085B03B /* Extensions */ = {
			isa = PBXGroup;
			children = (
				BF534BA92740FA310085B03B /* String+Ext.swift */,
			);
			path = Extensions;
			sourceTree = "<group>";
		};
/* End PBXGroup section */

/* Begin PBXNativeTarget section */
		BF000F122740DEA600A945CF /* prototype-Internationalization_Localization- */ = {
			isa = PBXNativeTarget;
			buildConfigurationList = BF000F272740DEA700A945CF /* Build configuration list for PBXNativeTarget "prototype-Internationalization_Localization-" */;
			buildPhases = (
				BF000F0F2740DEA600A945CF /* Sources */,
				BF000F102740DEA600A945CF /* Frameworks */,
				BF000F112740DEA600A945CF /* Resources */,
			);
			buildRules = (
			);
			dependencies = (
			);
			name = "prototype-Internationalization_Localization-";
			productName = "prototype-Internationalization_Localization-";
			productReference = BF000F132740DEA600A945CF /* prototype-Internationalization_Localization-.app */;
			productType = "com.apple.product-type.application";
		};
/* End PBXNativeTarget section */

/* Begin PBXProject section */
		BF000F0B2740DEA600A945CF /* Project object */ = {
			isa = PBXProject;
			attributes = {
				LastSwiftUpdateCheck = 1250;
				LastUpgradeCheck = 1250;
				TargetAttributes = {
					BF000F122740DEA600A945CF = {
						CreatedOnToolsVersion = 12.5;
					};
				};
			};
			buildConfigurationList = BF000F0E2740DEA600A945CF /* Build configuration list for PBXProject "prototype-Internationalization_Localization-" */;
			compatibilityVersion = "Xcode 12.0";
			developmentRegion = en;
			hasScannedForEncodings = 0;
			knownRegions = (
				en,
				Base,
				ca,
				fr,
				es,
				ar,
			);
			mainGroup = BF000F0A2740DEA600A945CF;
			productRefGroup = BF000F142740DEA600A945CF /* Products */;
			projectDirPath = "";
			projectRoot = "";
			targets = (
				BF000F122740DEA600A945CF /* prototype-Internationalization_Localization- */,
			);
		};
/* End PBXProject section */

/* Begin PBXResourcesBuildPhase section */
		BF000F112740DEA600A945CF /* Resources */ = {
			isa = PBXResourcesBuildPhase;
			buildActionMask = 2147483647;
			files = (
				BF000F232740DEA700A945CF /* LaunchScreen.storyboard in Resources */,
				BF534BA22740F3750085B03B /* Localizable.strings in Resources */,
				BF000F202740DEA700A945CF /* Assets.xcassets in Resources */,
				BF000F1E2740DEA600A945CF /* Main.storyboard in Resources */,
			);
			runOnlyForDeploymentPostprocessing = 0;
		};
/* End PBXResourcesBuildPhase section */

/* Begin PBXSourcesBuildPhase section */
		BF000F0F2740DEA600A945CF /* Sources */ = {
			isa = PBXSourcesBuildPhase;
			buildActionMask = 2147483647;
			files = (
				BF000F1B2740DEA600A945CF /* ViewController.swift in Sources */,
				BF000F172740DEA600A945CF /* AppDelegate.swift in Sources */,
				BF534BAA2740FA310085B03B /* String+Ext.swift in Sources */,
				BF000F192740DEA600A945CF /* SceneDelegate.swift in Sources */,
			);
			runOnlyForDeploymentPostprocessing = 0;
		};
/* End PBXSourcesBuildPhase section */

/* Begin PBXVariantGroup section */
		BF000F1C2740DEA600A945CF /* Main.storyboard */ = {
			isa = PBXVariantGroup;
			children = (
				BF000F1D2740DEA600A945CF /* Base */,
				BF534B9C2740F2BD0085B03B /* ca */,
				BF534B9D2740F2C80085B03B /* fr */,
				BF534B9E2740F2DB0085B03B /* es */,
				BF534BA72740F8180085B03B /* ar */,
			);
			name = Main.storyboard;
			sourceTree = "<group>";
		};
		BF000F212740DEA700A945CF /* LaunchScreen.storyboard */ = {
			isa = PBXVariantGroup;
			children = (
				BF000F222740DEA700A945CF /* Base */,
			);
			name = LaunchScreen.storyboard;
			sourceTree = "<group>";
		};
		BF534BA42740F3750085B03B /* Localizable.strings */ = {
			isa = PBXVariantGroup;
			children = (
				BF534BA52740F5AC0085B03B /* es */,
				BF534BA62740F5B00085B03B /* en */,
				BF534BAB2740FEA90085B03B /* ar */,
				BF534BAC2740FEAA0085B03B /* ca */,
				BF534BAD2740FEAC0085B03B /* fr */,
			);
			name = Localizable.strings;
			sourceTree = "<group>";
		};
/* End PBXVariantGroup section */

/* Begin XCBuildConfiguration section */
		BF000F252740DEA700A945CF /* Debug */ = {
			isa = XCBuildConfiguration;
			buildSettings = {
				ALWAYS_SEARCH_USER_PATHS = NO;
				CLANG_ANALYZER_LOCALIZABILITY_NONLOCALIZED = YES;
				CLANG_ANALYZER_NONNULL = YES;
				CLANG_ANALYZER_NUMBER_OBJECT_CONVERSION = YES_AGGRESSIVE;
				CLANG_CXX_LANGUAGE_STANDARD = "gnu++14";
				CLANG_CXX_LIBRARY = "libc++";
				CLANG_ENABLE_MODULES = YES;
				CLANG_ENABLE_OBJC_ARC = YES;
				CLANG_ENABLE_OBJC_WEAK = YES;
				CLANG_WARN_BLOCK_CAPTURE_AUTORELEASING = YES;
				CLANG_WARN_BOOL_CONVERSION = YES;
				CLANG_WARN_COMMA = YES;
				CLANG_WARN_CONSTANT_CONVERSION = YES;
				CLANG_WARN_DEPRECATED_OBJC_IMPLEMENTATIONS = YES;
				CLANG_WARN_DIRECT_OBJC_ISA_USAGE = YES_ERROR;
				CLANG_WARN_DOCUMENTATION_COMMENTS = YES;
				CLANG_WARN_EMPTY_BODY = YES;
				CLANG_WARN_ENUM_CONVERSION = YES;
				CLANG_WARN_INFINITE_RECURSION = YES;
				CLANG_WARN_INT_CONVERSION = YES;
				CLANG_WARN_NON_LITERAL_NULL_CONVERSION = YES;
				CLANG_WARN_OBJC_IMPLICIT_RETAIN_SELF = YES;
				CLANG_WARN_OBJC_LITERAL_CONVERSION = YES;
				CLANG_WARN_OBJC_ROOT_CLASS = YES_ERROR;
				CLANG_WARN_QUOTED_INCLUDE_IN_FRAMEWORK_HEADER = YES;
				CLANG_WARN_RANGE_LOOP_ANALYSIS = YES;
				CLANG_WARN_STRICT_PROTOTYPES = YES;
				CLANG_WARN_SUSPICIOUS_MOVE = YES;
				CLANG_WARN_UNGUARDED_AVAILABILITY = YES_AGGRESSIVE;
				CLANG_WARN_UNREACHABLE_CODE = YES;
				CLANG_WARN__DUPLICATE_METHOD_MATCH = YES;
				COPY_PHASE_STRIP = NO;
				DEBUG_INFORMATION_FORMAT = dwarf;
				ENABLE_STRICT_OBJC_MSGSEND = YES;
				ENABLE_TESTABILITY = YES;
				GCC_C_LANGUAGE_STANDARD = gnu11;
				GCC_DYNAMIC_NO_PIC = NO;
				GCC_NO_COMMON_BLOCKS = YES;
				GCC_OPTIMIZATION_LEVEL = 0;
				GCC_PREPROCESSOR_DEFINITIONS = (
					"DEBUG=1",
					"$(inherited)",
				);
				GCC_WARN_64_TO_32_BIT_CONVERSION = YES;
				GCC_WARN_ABOUT_RETURN_TYPE = YES_ERROR;
				GCC_WARN_UNDECLARED_SELECTOR = YES;
				GCC_WARN_UNINITIALIZED_AUTOS = YES_AGGRESSIVE;
				GCC_WARN_UNUSED_FUNCTION = YES;
				GCC_WARN_UNUSED_VARIABLE = YES;
				IPHONEOS_DEPLOYMENT_TARGET = 14.6;
				MTL_ENABLE_DEBUG_INFO = INCLUDE_SOURCE;
				MTL_FAST_MATH = YES;
				ONLY_ACTIVE_ARCH = YES;
				SDKROOT = iphoneos;
				SWIFT_ACTIVE_COMPILATION_CONDITIONS = DEBUG;
				SWIFT_OPTIMIZATION_LEVEL = "-Onone";
			};
			name = Debug;
		};
		BF000F262740DEA700A945CF /* Release */ = {
			isa = XCBuildConfiguration;
			buildSettings = {
				ALWAYS_SEARCH_USER_PATHS = NO;
				CLANG_ANALYZER_LOCALIZABILITY_NONLOCALIZED = YES;
				CLANG_ANALYZER_NONNULL = YES;
				CLANG_ANALYZER_NUMBER_OBJECT_CONVERSION = YES_AGGRESSIVE;
				CLANG_CXX_LANGUAGE_STANDARD = "gnu++14";
				CLANG_CXX_LIBRARY = "libc++";
				CLANG_ENABLE_MODULES = YES;
				CLANG_ENABLE_OBJC_ARC = YES;
				CLANG_ENABLE_OBJC_WEAK = YES;
				CLANG_WARN_BLOCK_CAPTURE_AUTORELEASING = YES;
				CLANG_WARN_BOOL_CONVERSION = YES;
				CLANG_WARN_COMMA = YES;
				CLANG_WARN_CONSTANT_CONVERSION = YES;
				CLANG_WARN_DEPRECATED_OBJC_IMPLEMENTATIONS = YES;
				CLANG_WARN_DIRECT_OBJC_ISA_USAGE = YES_ERROR;
				CLANG_WARN_DOCUMENTATION_COMMENTS = YES;
				CLANG_WARN_EMPTY_BODY = YES;
				CLANG_WARN_ENUM_CONVERSION = YES;
				CLANG_WARN_INFINITE_RECURSION = YES;
				CLANG_WARN_INT_CONVERSION = YES;
				CLANG_WARN_NON_LITERAL_NULL_CONVERSION = YES;
				CLANG_WARN_OBJC_IMPLICIT_RETAIN_SELF = YES;
				CLANG_WARN_OBJC_LITERAL_CONVERSION = YES;
				CLANG_WARN_OBJC_ROOT_CLASS = YES_ERROR;
				CLANG_WARN_QUOTED_INCLUDE_IN_FRAMEWORK_HEADER = YES;
				CLANG_WARN_RANGE_LOOP_ANALYSIS = YES;
				CLANG_WARN_STRICT_PROTOTYPES = YES;
				CLANG_WARN_SUSPICIOUS_MOVE = YES;
				CLANG_WARN_UNGUARDED_AVAILABILITY = YES_AGGRESSIVE;
				CLANG_WARN_UNREACHABLE_CODE = YES;
				CLANG_WARN__DUPLICATE_METHOD_MATCH = YES;
				COPY_PHASE_STRIP = NO;
				DEBUG_INFORMATION_FORMAT = "dwarf-with-dsym";
				ENABLE_NS_ASSERTIONS = NO;
				ENABLE_STRICT_OBJC_MSGSEND = YES;
				GCC_C_LANGUAGE_STANDARD = gnu11;
				GCC_NO_COMMON_BLOCKS = YES;
				GCC_WARN_64_TO_32_BIT_CONVERSION = YES;
				GCC_WARN_ABOUT_RETURN_TYPE = YES_ERROR;
				GCC_WARN_UNDECLARED_SELECTOR = YES;
				GCC_WARN_UNINITIALIZED_AUTOS = YES_AGGRESSIVE;
				GCC_WARN_UNUSED_FUNCTION = YES;
				GCC_WARN_UNUSED_VARIABLE = YES;
				IPHONEOS_DEPLOYMENT_TARGET = 14.6;
				MTL_ENABLE_DEBUG_INFO = NO;
				MTL_FAST_MATH = YES;
				SDKROOT = iphoneos;
				SWIFT_COMPILATION_MODE = wholemodule;
				SWIFT_OPTIMIZATION_LEVEL = "-O";
				VALIDATE_PRODUCT = YES;
			};
			name = Release;
		};
		BF000F282740DEA700A945CF /* Debug */ = {
			isa = XCBuildConfiguration;
			buildSettings = {
				ASSETCATALOG_COMPILER_APPICON_NAME = AppIcon;
				ASSETCATALOG_COMPILER_GLOBAL_ACCENT_COLOR_NAME = AccentColor;
				CODE_SIGN_STYLE = Automatic;
				DEVELOPMENT_TEAM = UXMRTG3BH9;
				INFOPLIST_FILE = "prototype-Internationalization_Localization-/Info.plist";
				LD_RUNPATH_SEARCH_PATHS = (
					"$(inherited)",
					"@executable_path/Frameworks",
				);
				PRODUCT_BUNDLE_IDENTIFIER = "com.rawabiahmed.prototype-Internationalization-Localization-";
				PRODUCT_NAME = "$(TARGET_NAME)";
				SWIFT_VERSION = 5.0;
				TARGETED_DEVICE_FAMILY = "1,2";
			};
			name = Debug;
		};
		BF000F292740DEA700A945CF /* Release */ = {
			isa = XCBuildConfiguration;
			buildSettings = {
				ASSETCATALOG_COMPILER_APPICON_NAME = AppIcon;
				ASSETCATALOG_COMPILER_GLOBAL_ACCENT_COLOR_NAME = AccentColor;
				CODE_SIGN_STYLE = Automatic;
				DEVELOPMENT_TEAM = UXMRTG3BH9;
				INFOPLIST_FILE = "prototype-Internationalization_Localization-/Info.plist";
				LD_RUNPATH_SEARCH_PATHS = (
					"$(inherited)",
					"@executable_path/Frameworks",
				);
				PRODUCT_BUNDLE_IDENTIFIER = "com.rawabiahmed.prototype-Internationalization-Localization-";
				PRODUCT_NAME = "$(TARGET_NAME)";
				SWIFT_VERSION = 5.0;
				TARGETED_DEVICE_FAMILY = "1,2";
			};
			name = Release;
		};
/* End XCBuildConfiguration section */

/* Begin XCConfigurationList section */
		BF000F0E2740DEA600A945CF /* Build configuration list for PBXProject "prototype-Internationalization_Localization-" */ = {
			isa = XCConfigurationList;
			buildConfigurations = (
				BF000F252740DEA700A945CF /* Debug */,
				BF000F262740DEA700A945CF /* Release */,
			);
			defaultConfigurationIsVisible = 0;
			defaultConfigurationName = Release;
		};
		BF000F272740DEA700A945CF /* Build configuration list for PBXNativeTarget "prototype-Internationalization_Localization-" */ = {
			isa = XCConfigurationList;
			buildConfigurations = (
				BF000F282740DEA700A945CF /* Debug */,
				BF000F292740DEA700A945CF /* Release */,
			);
			defaultConfigurationIsVisible = 0;
			defaultConfigurationName = Release;
		};
/* End XCConfigurationList section */
	};
	rootObject = BF000F0B2740DEA600A945CF /* Project object */;
}
