// !$*UTF8*$!
{
	archiveVersion = 1;
	classes = {
	};
	objectVersion = 54;
	objects = {

/* Begin PBXBuildFile section */
		270783412740DEE8001CF2EE /* AppDelegate.swift in Sources */ = {isa = PBXBuildFile; fileRef = 270783402740DEE8001CF2EE /* AppDelegate.swift */; };
		270783432740DEE8001CF2EE /* SceneDelegate.swift in Sources */ = {isa = PBXBuildFile; fileRef = 270783422740DEE8001CF2EE /* SceneDelegate.swift */; };
		270783452740DEE8001CF2EE /* ViewController.swift in Sources */ = {isa = PBXBuildFile; fileRef = 270783442740DEE8001CF2EE /* ViewController.swift */; };
		270783482740DEE8001CF2EE /* Main.storyboard in Resources */ = {isa = PBXBuildFile; fileRef = 270783462740DEE8001CF2EE /* Main.storyboard */; };
		2707834A2740DEE8001CF2EE /* Assets.xcassets in Resources */ = {isa = PBXBuildFile; fileRef = 270783492740DEE8001CF2EE /* Assets.xcassets */; };
		2707834D2740DEE8001CF2EE /* LaunchScreen.storyboard in Resources */ = {isa = PBXBuildFile; fileRef = 2707834B2740DEE8001CF2EE /* LaunchScreen.storyboard */; };
		2793FC962740F371001929EB /* String+Ext.swift in Sources */ = {isa = PBXBuildFile; fileRef = 2793FC952740F371001929EB /* String+Ext.swift */; };
		2793FC9C2740F6A7001929EB /* Localizable.strings in Resources */ = {isa = PBXBuildFile; fileRef = 2793FC9A2740F6A7001929EB /* Localizable.strings */; };
/* End PBXBuildFile section */

/* Begin PBXFileReference section */
		2707833D2740DEE8001CF2EE /* Prototype-Internationalization_Localization_mohammedALatawi.app */ = {isa = PBXFileReference; explicitFileType = wrapper.application; includeInIndex = 0; path = "Prototype-Internationalization_Localization_mohammedALatawi.app"; sourceTree = BUILT_PRODUCTS_DIR; };
		270783402740DEE8001CF2EE /* AppDelegate.swift */ = {isa = PBXFileReference; lastKnownFileType = sourcecode.swift; path = AppDelegate.swift; sourceTree = "<group>"; };
		270783422740DEE8001CF2EE /* SceneDelegate.swift */ = {isa = PBXFileReference; lastKnownFileType = sourcecode.swift; path = SceneDelegate.swift; sourceTree = "<group>"; };
		270783442740DEE8001CF2EE /* ViewController.swift */ = {isa = PBXFileReference; lastKnownFileType = sourcecode.swift; path = ViewController.swift; sourceTree = "<group>"; };
		270783472740DEE8001CF2EE /* Base */ = {isa = PBXFileReference; lastKnownFileType = file.storyboard; name = Base; path = Base.lproj/Main.storyboard; sourceTree = "<group>"; };
		270783492740DEE8001CF2EE /* Assets.xcassets */ = {isa = PBXFileReference; lastKnownFileType = folder.assetcatalog; path = Assets.xcassets; sourceTree = "<group>"; };
		2707834C2740DEE8001CF2EE /* Base */ = {isa = PBXFileReference; lastKnownFileType = file.storyboard; name = Base; path = Base.lproj/LaunchScreen.storyboard; sourceTree = "<group>"; };
		2707834E2740DEE8001CF2EE /* Info.plist */ = {isa = PBXFileReference; lastKnownFileType = text.plist.xml; path = Info.plist; sourceTree = "<group>"; };
		270783542740E2D0001CF2EE /* es */ = {isa = PBXFileReference; lastKnownFileType = text.plist.strings; name = es; path = es.lproj/Main.strings; sourceTree = "<group>"; };
		270783552740E370001CF2EE /* ca */ = {isa = PBXFileReference; lastKnownFileType = text.plist.strings; name = ca; path = ca.lproj/Main.strings; sourceTree = "<group>"; };
		270783562740E37C001CF2EE /* fr */ = {isa = PBXFileReference; lastKnownFileType = text.plist.strings; name = fr; path = fr.lproj/Main.strings; sourceTree = "<group>"; };
		2793FC952740F371001929EB /* String+Ext.swift */ = {isa = PBXFileReference; lastKnownFileType = sourcecode.swift; path = "String+Ext.swift"; sourceTree = "<group>"; };
		2793FC9B2740F6A7001929EB /* es */ = {isa = PBXFileReference; lastKnownFileType = text.plist.strings; name = es; path = es.lproj/Localizable.strings; sourceTree = "<group>"; };
		2793FC9D2740F6C6001929EB /* fr */ = {isa = PBXFileReference; lastKnownFileType = text.plist.strings; name = fr; path = fr.lproj/Localizable.strings; sourceTree = "<group>"; };
		2793FC9E2740F6D2001929EB /* ca */ = {isa = PBXFileReference; lastKnownFileType = text.plist.strings; name = ca; path = ca.lproj/Localizable.strings; sourceTree = "<group>"; };
		2793FCA12740FB1D001929EB /* ar */ = {isa = PBXFileReference; lastKnownFileType = text.plist.strings; name = ar; path = ar.lproj/Main.strings; sourceTree = "<group>"; };
		2793FCA42740FE2F001929EB /* ar */ = {isa = PBXFileReference; lastKnownFileType = text.plist.strings; name = ar; path = ar.lproj/Localizable.strings; sourceTree = "<group>"; };
/* End PBXFileReference section */

/* Begin PBXFrameworksBuildPhase section */
		2707833A2740DEE8001CF2EE /* Frameworks */ = {
			isa = PBXFrameworksBuildPhase;
			buildActionMask = 2147483647;
			files = (
			);
			runOnlyForDeploymentPostprocessing = 0;
		};
/* End PBXFrameworksBuildPhase section */

/* Begin PBXGroup section */
		270783342740DEE8001CF2EE = {
			isa = PBXGroup;
			children = (
				2707833F2740DEE8001CF2EE /* Prototype-Internationalization_Localization_mohammedALatawi */,
				2707833E2740DEE8001CF2EE /* Products */,
			);
			sourceTree = "<group>";
		};
		2707833E2740DEE8001CF2EE /* Products */ = {
			isa = PBXGroup;
			children = (
				2707833D2740DEE8001CF2EE /* Prototype-Internationalization_Localization_mohammedALatawi.app */,
			);
			name = Products;
			sourceTree = "<group>";
		};
		2707833F2740DEE8001CF2EE /* Prototype-Internationalization_Localization_mohammedALatawi */ = {
			isa = PBXGroup;
			children = (
				270783402740DEE8001CF2EE /* AppDelegate.swift */,
				270783422740DEE8001CF2EE /* SceneDelegate.swift */,
				270783442740DEE8001CF2EE /* ViewController.swift */,
				2793FC892740EE3F001929EB /* View */,
				270783492740DEE8001CF2EE /* Assets.xcassets */,
				2707834B2740DEE8001CF2EE /* LaunchScreen.storyboard */,
				2707834E2740DEE8001CF2EE /* Info.plist */,
			);
			path = "Prototype-Internationalization_Localization_mohammedALatawi";
			sourceTree = "<group>";
		};
		2793FC892740EE3F001929EB /* View */ = {
			isa = PBXGroup;
			children = (
				2793FCA32740FDE2001929EB /* extension */,
				2793FC8A2740EE5E001929EB /* translations */,
				270783462740DEE8001CF2EE /* Main.storyboard */,
			);
			path = View;
			sourceTree = "<group>";
		};
		2793FC8A2740EE5E001929EB /* translations */ = {
			isa = PBXGroup;
			children = (
				2793FC9A2740F6A7001929EB /* Localizable.strings */,
			);
			path = translations;
			sourceTree = "<group>";
		};
		2793FCA32740FDE2001929EB /* extension */ = {
			isa = PBXGroup;
			children = (
				2793FC952740F371001929EB /* String+Ext.swift */,
			);
			path = extension;
			sourceTree = "<group>";
		};
/* End PBXGroup section */

/* Begin PBXNativeTarget section */
		2707833C2740DEE8001CF2EE /* Prototype-Internationalization_Localization_mohammedALatawi */ = {
			isa = PBXNativeTarget;
			buildConfigurationList = 270783512740DEE8001CF2EE /* Build configuration list for PBXNativeTarget "Prototype-Internationalization_Localization_mohammedALatawi" */;
			buildPhases = (
				270783392740DEE8001CF2EE /* Sources */,
				2707833A2740DEE8001CF2EE /* Frameworks */,
				2707833B2740DEE8001CF2EE /* Resources */,
			);
			buildRules = (
			);
			dependencies = (
			);
			name = "Prototype-Internationalization_Localization_mohammedALatawi";
			productName = "Prototype-Internationalization_Localization_mohammedALatawi";
			productReference = 2707833D2740DEE8001CF2EE /* Prototype-Internationalization_Localization_mohammedALatawi.app */;
			productType = "com.apple.product-type.application";
		};
/* End PBXNativeTarget section */

/* Begin PBXProject section */
		270783352740DEE8001CF2EE /* Project object */ = {
			isa = PBXProject;
			attributes = {
				LastSwiftUpdateCheck = 1250;
				LastUpgradeCheck = 1250;
				TargetAttributes = {
					2707833C2740DEE8001CF2EE = {
						CreatedOnToolsVersion = 12.5;
					};
				};
			};
			buildConfigurationList = 270783382740DEE8001CF2EE /* Build configuration list for PBXProject "Prototype-Internationalization_Localization_mohammedALatawi" */;
			compatibilityVersion = "Xcode 12.0";
			developmentRegion = en;
			hasScannedForEncodings = 0;
			knownRegions = (
				en,
				Base,
				es,
				ca,
				fr,
				ar,
			);
			mainGroup = 270783342740DEE8001CF2EE;
			productRefGroup = 2707833E2740DEE8001CF2EE /* Products */;
			projectDirPath = "";
			projectRoot = "";
			targets = (
				2707833C2740DEE8001CF2EE /* Prototype-Internationalization_Localization_mohammedALatawi */,
			);
		};
/* End PBXProject section */

/* Begin PBXResourcesBuildPhase section */
		2707833B2740DEE8001CF2EE /* Resources */ = {
			isa = PBXResourcesBuildPhase;
			buildActionMask = 2147483647;
			files = (
				2793FC9C2740F6A7001929EB /* Localizable.strings in Resources */,
				2707834D2740DEE8001CF2EE /* LaunchScreen.storyboard in Resources */,
				2707834A2740DEE8001CF2EE /* Assets.xcassets in Resources */,
				270783482740DEE8001CF2EE /* Main.storyboard in Resources */,
			);
			runOnlyForDeploymentPostprocessing = 0;
		};
/* End PBXResourcesBuildPhase section */

/* Begin PBXSourcesBuildPhase section */
		270783392740DEE8001CF2EE /* Sources */ = {
			isa = PBXSourcesBuildPhase;
			buildActionMask = 2147483647;
			files = (
				270783452740DEE8001CF2EE /* ViewController.swift in Sources */,
				270783412740DEE8001CF2EE /* AppDelegate.swift in Sources */,
				2793FC962740F371001929EB /* String+Ext.swift in Sources */,
				270783432740DEE8001CF2EE /* SceneDelegate.swift in Sources */,
			);
			runOnlyForDeploymentPostprocessing = 0;
		};
/* End PBXSourcesBuildPhase section */

/* Begin PBXVariantGroup section */
		270783462740DEE8001CF2EE /* Main.storyboard */ = {
			isa = PBXVariantGroup;
			children = (
				270783472740DEE8001CF2EE /* Base */,
				270783542740E2D0001CF2EE /* es */,
				270783552740E370001CF2EE /* ca */,
				270783562740E37C001CF2EE /* fr */,
				2793FCA12740FB1D001929EB /* ar */,
			);
			name = Main.storyboard;
			sourceTree = "<group>";
		};
		2707834B2740DEE8001CF2EE /* LaunchScreen.storyboard */ = {
			isa = PBXVariantGroup;
			children = (
				2707834C2740DEE8001CF2EE /* Base */,
			);
			name = LaunchScreen.storyboard;
			sourceTree = "<group>";
		};
		2793FC9A2740F6A7001929EB /* Localizable.strings */ = {
			isa = PBXVariantGroup;
			children = (
				2793FC9B2740F6A7001929EB /* es */,
				2793FC9D2740F6C6001929EB /* fr */,
				2793FC9E2740F6D2001929EB /* ca */,
				2793FCA42740FE2F001929EB /* ar */,
			);
			name = Localizable.strings;
			sourceTree = "<group>";
		};
/* End PBXVariantGroup section */

/* Begin XCBuildConfiguration section */
		2707834F2740DEE8001CF2EE /* Debug */ = {
			isa = XCBuildConfiguration;
			buildSettings = {
				ALWAYS_SEARCH_USER_PATHS = NO;
				CLANG_ANALYZER_LOCALIZABILITY_NONLOCALIZED = YES;
				CLANG_ANALYZER_NONNULL = YES;
				CLANG_ANALYZER_NUMBER_OBJECT_CONVERSION = YES_AGGRESSIVE;
				CLANG_CXX_LANGUAGE_STANDARD = "gnu++14";
				CLANG_CXX_LIBRARY = "libc++";
				CLANG_ENABLE_MODULES = YES;
				CLANG_ENABLE_OBJC_ARC = YES;
				CLANG_ENABLE_OBJC_WEAK = YES;
				CLANG_WARN_BLOCK_CAPTURE_AUTORELEASING = YES;
				CLANG_WARN_BOOL_CONVERSION = YES;
				CLANG_WARN_COMMA = YES;
				CLANG_WARN_CONSTANT_CONVERSION = YES;
				CLANG_WARN_DEPRECATED_OBJC_IMPLEMENTATIONS = YES;
				CLANG_WARN_DIRECT_OBJC_ISA_USAGE = YES_ERROR;
				CLANG_WARN_DOCUMENTATION_COMMENTS = YES;
				CLANG_WARN_EMPTY_BODY = YES;
				CLANG_WARN_ENUM_CONVERSION = YES;
				CLANG_WARN_INFINITE_RECURSION = YES;
				CLANG_WARN_INT_CONVERSION = YES;
				CLANG_WARN_NON_LITERAL_NULL_CONVERSION = YES;
				CLANG_WARN_OBJC_IMPLICIT_RETAIN_SELF = YES;
				CLANG_WARN_OBJC_LITERAL_CONVERSION = YES;
				CLANG_WARN_OBJC_ROOT_CLASS = YES_ERROR;
				CLANG_WARN_QUOTED_INCLUDE_IN_FRAMEWORK_HEADER = YES;
				CLANG_WARN_RANGE_LOOP_ANALYSIS = YES;
				CLANG_WARN_STRICT_PROTOTYPES = YES;
				CLANG_WARN_SUSPICIOUS_MOVE = YES;
				CLANG_WARN_UNGUARDED_AVAILABILITY = YES_AGGRESSIVE;
				CLANG_WARN_UNREACHABLE_CODE = YES;
				CLANG_WARN__DUPLICATE_METHOD_MATCH = YES;
				COPY_PHASE_STRIP = NO;
				DEBUG_INFORMATION_FORMAT = dwarf;
				ENABLE_STRICT_OBJC_MSGSEND = YES;
				ENABLE_TESTABILITY = YES;
				GCC_C_LANGUAGE_STANDARD = gnu11;
				GCC_DYNAMIC_NO_PIC = NO;
				GCC_NO_COMMON_BLOCKS = YES;
				GCC_OPTIMIZATION_LEVEL = 0;
				GCC_PREPROCESSOR_DEFINITIONS = (
					"DEBUG=1",
					"$(inherited)",
				);
				GCC_WARN_64_TO_32_BIT_CONVERSION = YES;
				GCC_WARN_ABOUT_RETURN_TYPE = YES_ERROR;
				GCC_WARN_UNDECLARED_SELECTOR = YES;
				GCC_WARN_UNINITIALIZED_AUTOS = YES_AGGRESSIVE;
				GCC_WARN_UNUSED_FUNCTION = YES;
				GCC_WARN_UNUSED_VARIABLE = YES;
				IPHONEOS_DEPLOYMENT_TARGET = 14.5;
				MTL_ENABLE_DEBUG_INFO = INCLUDE_SOURCE;
				MTL_FAST_MATH = YES;
				ONLY_ACTIVE_ARCH = YES;
				SDKROOT = iphoneos;
				SWIFT_ACTIVE_COMPILATION_CONDITIONS = DEBUG;
				SWIFT_OPTIMIZATION_LEVEL = "-Onone";
			};
			name = Debug;
		};
		270783502740DEE8001CF2EE /* Release */ = {
			isa = XCBuildConfiguration;
			buildSettings = {
				ALWAYS_SEARCH_USER_PATHS = NO;
				CLANG_ANALYZER_LOCALIZABILITY_NONLOCALIZED = YES;
				CLANG_ANALYZER_NONNULL = YES;
				CLANG_ANALYZER_NUMBER_OBJECT_CONVERSION = YES_AGGRESSIVE;
				CLANG_CXX_LANGUAGE_STANDARD = "gnu++14";
				CLANG_CXX_LIBRARY = "libc++";
				CLANG_ENABLE_MODULES = YES;
				CLANG_ENABLE_OBJC_ARC = YES;
				CLANG_ENABLE_OBJC_WEAK = YES;
				CLANG_WARN_BLOCK_CAPTURE_AUTORELEASING = YES;
				CLANG_WARN_BOOL_CONVERSION = YES;
				CLANG_WARN_COMMA = YES;
				CLANG_WARN_CONSTANT_CONVERSION = YES;
				CLANG_WARN_DEPRECATED_OBJC_IMPLEMENTATIONS = YES;
				CLANG_WARN_DIRECT_OBJC_ISA_USAGE = YES_ERROR;
				CLANG_WARN_DOCUMENTATION_COMMENTS = YES;
				CLANG_WARN_EMPTY_BODY = YES;
				CLANG_WARN_ENUM_CONVERSION = YES;
				CLANG_WARN_INFINITE_RECURSION = YES;
				CLANG_WARN_INT_CONVERSION = YES;
				CLANG_WARN_NON_LITERAL_NULL_CONVERSION = YES;
				CLANG_WARN_OBJC_IMPLICIT_RETAIN_SELF = YES;
				CLANG_WARN_OBJC_LITERAL_CONVERSION = YES;
				CLANG_WARN_OBJC_ROOT_CLASS = YES_ERROR;
				CLANG_WARN_QUOTED_INCLUDE_IN_FRAMEWORK_HEADER = YES;
				CLANG_WARN_RANGE_LOOP_ANALYSIS = YES;
				CLANG_WARN_STRICT_PROTOTYPES = YES;
				CLANG_WARN_SUSPICIOUS_MOVE = YES;
				CLANG_WARN_UNGUARDED_AVAILABILITY = YES_AGGRESSIVE;
				CLANG_WARN_UNREACHABLE_CODE = YES;
				CLANG_WARN__DUPLICATE_METHOD_MATCH = YES;
				COPY_PHASE_STRIP = NO;
				DEBUG_INFORMATION_FORMAT = "dwarf-with-dsym";
				ENABLE_NS_ASSERTIONS = NO;
				ENABLE_STRICT_OBJC_MSGSEND = YES;
				GCC_C_LANGUAGE_STANDARD = gnu11;
				GCC_NO_COMMON_BLOCKS = YES;
				GCC_WARN_64_TO_32_BIT_CONVERSION = YES;
				GCC_WARN_ABOUT_RETURN_TYPE = YES_ERROR;
				GCC_WARN_UNDECLARED_SELECTOR = YES;
				GCC_WARN_UNINITIALIZED_AUTOS = YES_AGGRESSIVE;
				GCC_WARN_UNUSED_FUNCTION = YES;
				GCC_WARN_UNUSED_VARIABLE = YES;
				IPHONEOS_DEPLOYMENT_TARGET = 14.5;
				MTL_ENABLE_DEBUG_INFO = NO;
				MTL_FAST_MATH = YES;
				SDKROOT = iphoneos;
				SWIFT_COMPILATION_MODE = wholemodule;
				SWIFT_OPTIMIZATION_LEVEL = "-O";
				VALIDATE_PRODUCT = YES;
			};
			name = Release;
		};
		270783522740DEE8001CF2EE /* Debug */ = {
			isa = XCBuildConfiguration;
			buildSettings = {
				ASSETCATALOG_COMPILER_APPICON_NAME = AppIcon;
				ASSETCATALOG_COMPILER_GLOBAL_ACCENT_COLOR_NAME = AccentColor;
				CODE_SIGN_STYLE = Automatic;
				DEVELOPMENT_TEAM = 6AGFQ96A5N;
				INFOPLIST_FILE = "Prototype-Internationalization_Localization_mohammedALatawi/Info.plist";
				LD_RUNPATH_SEARCH_PATHS = (
					"$(inherited)",
					"@executable_path/Frameworks",
				);
				PRODUCT_BUNDLE_IDENTIFIER = "com.mohammed.Prototype-Internationalization-Localization-mohammedALatawi";
				PRODUCT_NAME = "$(TARGET_NAME)";
				SWIFT_VERSION = 5.0;
				TARGETED_DEVICE_FAMILY = "1,2";
			};
			name = Debug;
		};
		270783532740DEE8001CF2EE /* Release */ = {
			isa = XCBuildConfiguration;
			buildSettings = {
				ASSETCATALOG_COMPILER_APPICON_NAME = AppIcon;
				ASSETCATALOG_COMPILER_GLOBAL_ACCENT_COLOR_NAME = AccentColor;
				CODE_SIGN_STYLE = Automatic;
				DEVELOPMENT_TEAM = 6AGFQ96A5N;
				INFOPLIST_FILE = "Prototype-Internationalization_Localization_mohammedALatawi/Info.plist";
				LD_RUNPATH_SEARCH_PATHS = (
					"$(inherited)",
					"@executable_path/Frameworks",
				);
				PRODUCT_BUNDLE_IDENTIFIER = "com.mohammed.Prototype-Internationalization-Localization-mohammedALatawi";
				PRODUCT_NAME = "$(TARGET_NAME)";
				SWIFT_VERSION = 5.0;
				TARGETED_DEVICE_FAMILY = "1,2";
			};
			name = Release;
		};
/* End XCBuildConfiguration section */

/* Begin XCConfigurationList section */
		270783382740DEE8001CF2EE /* Build configuration list for PBXProject "Prototype-Internationalization_Localization_mohammedALatawi" */ = {
			isa = XCConfigurationList;
			buildConfigurations = (
				2707834F2740DEE8001CF2EE /* Debug */,
				270783502740DEE8001CF2EE /* Release */,
			);
			defaultConfigurationIsVisible = 0;
			defaultConfigurationName = Release;
		};
		270783512740DEE8001CF2EE /* Build configuration list for PBXNativeTarget "Prototype-Internationalization_Localization_mohammedALatawi" */ = {
			isa = XCConfigurationList;
			buildConfigurations = (
				270783522740DEE8001CF2EE /* Debug */,
				270783532740DEE8001CF2EE /* Release */,
			);
			defaultConfigurationIsVisible = 0;
			defaultConfigurationName = Release;
		};
/* End XCConfigurationList section */
	};
	rootObject = 270783352740DEE8001CF2EE /* Project object */;
}
